// !$*UTF8*$!
{
	archiveVersion = 1;
	classes = {
	};
	objectVersion = 46;
	objects = {

/* Begin PBXBuildFile section */
		632EE0B41E50880D00710EDF /* CoreLib.framework in Frameworks */ = {isa = PBXBuildFile; fileRef = 632EE0AA1E50880D00710EDF /* CoreLib.framework */; };
		632EE0B91E50880D00710EDF /* CoreLibTests.swift in Sources */ = {isa = PBXBuildFile; fileRef = 632EE0B81E50880D00710EDF /* CoreLibTests.swift */; };
		632EE0BB1E50880D00710EDF /* CoreLib.h in Headers */ = {isa = PBXBuildFile; fileRef = 632EE0AD1E50880D00710EDF /* CoreLib.h */; settings = {ATTRIBUTES = (Public, ); }; };
		632EE1501E50A98300710EDF /* CoreLib.swift in Sources */ = {isa = PBXBuildFile; fileRef = 632EE14F1E50A98300710EDF /* CoreLib.swift */; };
		632EE1881E50E88800710EDF /* User.swift in Sources */ = {isa = PBXBuildFile; fileRef = 632EE1871E50E88800710EDF /* User.swift */; };
		632EE18B1E50E99500710EDF /* AlamofireServices.swift in Sources */ = {isa = PBXBuildFile; fileRef = 632EE18A1E50E99500710EDF /* AlamofireServices.swift */; };
		639FA1A81E5249FD00BA1DC9 /* Alamofire.framework in Frameworks */ = {isa = PBXBuildFile; fileRef = 639FA1A71E5249FD00BA1DC9 /* Alamofire.framework */; };
		639FA1BA1E531DF300BA1DC9 /* Alamofire.framework.dSYM in Copy Files dSYM Debug Symbols */ = {isa = PBXBuildFile; fileRef = 639FA1B91E531DF300BA1DC9 /* Alamofire.framework.dSYM */; };
		63D5DCCE1E5A183500EFA823 /* Device.swift in Sources */ = {isa = PBXBuildFile; fileRef = 63D5DCCD1E5A183500EFA823 /* Device.swift */; };
		63D5DCD11E5A312B00EFA823 /* SerializationError.swift in Sources */ = {isa = PBXBuildFile; fileRef = 63D5DCD01E5A312B00EFA823 /* SerializationError.swift */; };
		63D5DCD51E5A36FF00EFA823 /* user.json in Resources */ = {isa = PBXBuildFile; fileRef = 63D5DCD41E5A36FF00EFA823 /* user.json */; };
		63D5DCDC1E5B19EF00EFA823 /* Utils.swift in Sources */ = {isa = PBXBuildFile; fileRef = 63D5DCDB1E5B19EF00EFA823 /* Utils.swift */; };
		63D5DCDE1E5C142400EFA823 /* UserMockAPI.swift in Sources */ = {isa = PBXBuildFile; fileRef = 63D5DCDD1E5C142400EFA823 /* UserMockAPI.swift */; };
		63D5DCE01E5C14A500EFA823 /* ModelAPI.swift in Sources */ = {isa = PBXBuildFile; fileRef = 63D5DCDF1E5C14A500EFA823 /* ModelAPI.swift */; };
		63D5DCE41E5C14F400EFA823 /* MockAPI.swift in Sources */ = {isa = PBXBuildFile; fileRef = 63D5DCE31E5C14F400EFA823 /* MockAPI.swift */; };
		63D5DCE61E5C1D8E00EFA823 /* Model.swift in Sources */ = {isa = PBXBuildFile; fileRef = 63D5DCE51E5C1D8E00EFA823 /* Model.swift */; };
		63D5DCE81E5C737E00EFA823 /* users.json in Resources */ = {isa = PBXBuildFile; fileRef = 63D5DCE71E5C737E00EFA823 /* users.json */; };
		63D5DCEF1E5CDD0B00EFA823 /* Keyword.swift in Sources */ = {isa = PBXBuildFile; fileRef = 63D5DCEE1E5CDD0B00EFA823 /* Keyword.swift */; };
		63D5DCFD1E5EB82200EFA823 /* Localizable.strings in Resources */ = {isa = PBXBuildFile; fileRef = 63D5DCFC1E5EB82200EFA823 /* Localizable.strings */; };
		BF53EB461E6D4A9D00E31CBF /* SwiftyJSON.framework in Frameworks */ = {isa = PBXBuildFile; fileRef = BF53EB451E6D4A9D00E31CBF /* SwiftyJSON.framework */; };
		BF53EB471E6D6E8F00E31CBF /* SwiftyJSON.framework in Frameworks */ = {isa = PBXBuildFile; fileRef = BF53EB451E6D4A9D00E31CBF /* SwiftyJSON.framework */; };
		BF53EB4B1E6E8AAB00E31CBF /* Quick.framework in Frameworks */ = {isa = PBXBuildFile; fileRef = BF53EB4A1E6E8AAB00E31CBF /* Quick.framework */; };
		BF53EB4D1E6E8AAF00E31CBF /* Nimble.framework in Frameworks */ = {isa = PBXBuildFile; fileRef = BF53EB4C1E6E8AAF00E31CBF /* Nimble.framework */; };
		BF53EB511E6E8DD500E31CBF /* device.json in Resources */ = {isa = PBXBuildFile; fileRef = BF53EB501E6E8DD500E31CBF /* device.json */; };
		BF53EB531E6E907100E31CBF /* DeviceMockAPI.swift in Sources */ = {isa = PBXBuildFile; fileRef = BF53EB521E6E907100E31CBF /* DeviceMockAPI.swift */; };
		BF53EB601E6EBD0D00E31CBF /* Quick.framework in Frameworks */ = {isa = PBXBuildFile; fileRef = BF53EB4A1E6E8AAB00E31CBF /* Quick.framework */; };
		BF53EB611E6EBD1500E31CBF /* Nimble.framework in Frameworks */ = {isa = PBXBuildFile; fileRef = BF53EB4C1E6E8AAF00E31CBF /* Nimble.framework */; };
		BF53EB631E6EC18900E31CBF /* SwiftyJSON.framework.dSYM in Copy Files dSYM Debug Symbols */ = {isa = PBXBuildFile; fileRef = BF53EB621E6EC18900E31CBF /* SwiftyJSON.framework.dSYM */; };
		BF53EB651E6EC19200E31CBF /* Quick.framework.dSYM in Copy Files dSYM Debug Symbols */ = {isa = PBXBuildFile; fileRef = BF53EB641E6EC19200E31CBF /* Quick.framework.dSYM */; };
		BF53EB671E6EC19B00E31CBF /* Nimble.framework.dSYM in Copy Files dSYM Debug Symbols */ = {isa = PBXBuildFile; fileRef = BF53EB661E6EC19B00E31CBF /* Nimble.framework.dSYM */; };
		BF6853201E680E8E0020271D /* Localizable.strings in Resources */ = {isa = PBXBuildFile; fileRef = 63D5DCFC1E5EB82200EFA823 /* Localizable.strings */; };
		BF6853241E680F210020271D /* GKGradientView.swift in Sources */ = {isa = PBXBuildFile; fileRef = BF6853231E680F210020271D /* GKGradientView.swift */; };
		BF6853251E682DF00020271D /* users.json in Resources */ = {isa = PBXBuildFile; fileRef = 63D5DCE71E5C737E00EFA823 /* users.json */; };
		BF6853261E682DF00020271D /* user.json in Resources */ = {isa = PBXBuildFile; fileRef = 63D5DCD41E5A36FF00EFA823 /* user.json */; };
		BF6853321E698F5F0020271D /* BaseRequest.swift in Sources */ = {isa = PBXBuildFile; fileRef = BF6853311E698F5F0020271D /* BaseRequest.swift */; };
		BF6853341E698F700020271D /* BaseResponse.swift in Sources */ = {isa = PBXBuildFile; fileRef = BF6853331E698F700020271D /* BaseResponse.swift */; };
/* End PBXBuildFile section */

/* Begin PBXContainerItemProxy section */
		632EE0B51E50880D00710EDF /* PBXContainerItemProxy */ = {
			isa = PBXContainerItemProxy;
			containerPortal = 632EE0A11E50880D00710EDF /* Project object */;
			proxyType = 1;
			remoteGlobalIDString = 632EE0A91E50880D00710EDF;
			remoteInfo = CoreLib;
		};
/* End PBXContainerItemProxy section */

/* Begin PBXCopyFilesBuildPhase section */
		632EE1511E50AA8000710EDF /* Copy Files dSYM Debug Symbols */ = {
			isa = PBXCopyFilesBuildPhase;
			buildActionMask = 2147483647;
			dstPath = "";
			dstSubfolderSpec = 16;
			files = (
				639FA1BA1E531DF300BA1DC9 /* Alamofire.framework.dSYM in Copy Files dSYM Debug Symbols */,
				BF53EB631E6EC18900E31CBF /* SwiftyJSON.framework.dSYM in Copy Files dSYM Debug Symbols */,
				BF53EB651E6EC19200E31CBF /* Quick.framework.dSYM in Copy Files dSYM Debug Symbols */,
				BF53EB671E6EC19B00E31CBF /* Nimble.framework.dSYM in Copy Files dSYM Debug Symbols */,
			);
			name = "Copy Files dSYM Debug Symbols";
			runOnlyForDeploymentPostprocessing = 0;
		};
		BF53EB491E6E822C00E31CBF /* CopyFiles */ = {
			isa = PBXCopyFilesBuildPhase;
			buildActionMask = 2147483647;
			dstPath = "";
			dstSubfolderSpec = 10;
			files = (
			);
			runOnlyForDeploymentPostprocessing = 0;
		};
/* End PBXCopyFilesBuildPhase section */

/* Begin PBXFileReference section */
		632EE0AA1E50880D00710EDF /* CoreLib.framework */ = {isa = PBXFileReference; explicitFileType = wrapper.framework; includeInIndex = 0; path = CoreLib.framework; sourceTree = BUILT_PRODUCTS_DIR; };
		632EE0AD1E50880D00710EDF /* CoreLib.h */ = {isa = PBXFileReference; lastKnownFileType = sourcecode.c.h; path = CoreLib.h; sourceTree = "<group>"; };
		632EE0AE1E50880D00710EDF /* Info.plist */ = {isa = PBXFileReference; lastKnownFileType = text.plist.xml; path = Info.plist; sourceTree = "<group>"; };
		632EE0B31E50880D00710EDF /* CoreLibTests.xctest */ = {isa = PBXFileReference; explicitFileType = wrapper.cfbundle; includeInIndex = 0; path = CoreLibTests.xctest; sourceTree = BUILT_PRODUCTS_DIR; };
		632EE0B81E50880D00710EDF /* CoreLibTests.swift */ = {isa = PBXFileReference; lastKnownFileType = sourcecode.swift; path = CoreLibTests.swift; sourceTree = "<group>"; };
		632EE0BA1E50880D00710EDF /* Info.plist */ = {isa = PBXFileReference; lastKnownFileType = text.plist.xml; path = Info.plist; sourceTree = "<group>"; };
		632EE14F1E50A98300710EDF /* CoreLib.swift */ = {isa = PBXFileReference; fileEncoding = 4; lastKnownFileType = sourcecode.swift; path = CoreLib.swift; sourceTree = "<group>"; };
		632EE1871E50E88800710EDF /* User.swift */ = {isa = PBXFileReference; fileEncoding = 4; lastKnownFileType = sourcecode.swift; path = User.swift; sourceTree = "<group>"; };
		632EE18A1E50E99500710EDF /* AlamofireServices.swift */ = {isa = PBXFileReference; fileEncoding = 4; lastKnownFileType = sourcecode.swift; path = AlamofireServices.swift; sourceTree = "<group>"; };
		639FA1A71E5249FD00BA1DC9 /* Alamofire.framework */ = {isa = PBXFileReference; lastKnownFileType = wrapper.framework; name = Alamofire.framework; path = "../parent-app/Carthage/Build/iOS/Alamofire.framework"; sourceTree = "<group>"; };
		639FA1B91E531DF300BA1DC9 /* Alamofire.framework.dSYM */ = {isa = PBXFileReference; lastKnownFileType = wrapper.dsym; name = Alamofire.framework.dSYM; path = Carthage/Build/iOS/Alamofire.framework.dSYM; sourceTree = "<group>"; };
		63D5DCCD1E5A183500EFA823 /* Device.swift */ = {isa = PBXFileReference; fileEncoding = 4; lastKnownFileType = sourcecode.swift; path = Device.swift; sourceTree = "<group>"; };
		63D5DCD01E5A312B00EFA823 /* SerializationError.swift */ = {isa = PBXFileReference; fileEncoding = 4; lastKnownFileType = sourcecode.swift; path = SerializationError.swift; sourceTree = "<group>"; };
		63D5DCD41E5A36FF00EFA823 /* user.json */ = {isa = PBXFileReference; fileEncoding = 4; lastKnownFileType = text.json; path = user.json; sourceTree = "<group>"; };
		63D5DCDB1E5B19EF00EFA823 /* Utils.swift */ = {isa = PBXFileReference; fileEncoding = 4; lastKnownFileType = sourcecode.swift; path = Utils.swift; sourceTree = "<group>"; };
		63D5DCDD1E5C142400EFA823 /* UserMockAPI.swift */ = {isa = PBXFileReference; fileEncoding = 4; lastKnownFileType = sourcecode.swift; path = UserMockAPI.swift; sourceTree = "<group>"; };
		63D5DCDF1E5C14A500EFA823 /* ModelAPI.swift */ = {isa = PBXFileReference; fileEncoding = 4; lastKnownFileType = sourcecode.swift; path = ModelAPI.swift; sourceTree = "<group>"; };
		63D5DCE31E5C14F400EFA823 /* MockAPI.swift */ = {isa = PBXFileReference; fileEncoding = 4; lastKnownFileType = sourcecode.swift; path = MockAPI.swift; sourceTree = "<group>"; };
		63D5DCE51E5C1D8E00EFA823 /* Model.swift */ = {isa = PBXFileReference; fileEncoding = 4; lastKnownFileType = sourcecode.swift; path = Model.swift; sourceTree = "<group>"; };
		63D5DCE71E5C737E00EFA823 /* users.json */ = {isa = PBXFileReference; fileEncoding = 4; lastKnownFileType = text.json; path = users.json; sourceTree = "<group>"; };
		63D5DCEE1E5CDD0B00EFA823 /* Keyword.swift */ = {isa = PBXFileReference; fileEncoding = 4; lastKnownFileType = sourcecode.swift; path = Keyword.swift; sourceTree = "<group>"; };
		63D5DCFC1E5EB82200EFA823 /* Localizable.strings */ = {isa = PBXFileReference; fileEncoding = 4; lastKnownFileType = text.plist.strings; path = Localizable.strings; sourceTree = "<group>"; };
		BF53EB451E6D4A9D00E31CBF /* SwiftyJSON.framework */ = {isa = PBXFileReference; lastKnownFileType = wrapper.framework; name = SwiftyJSON.framework; path = Carthage/Build/iOS/SwiftyJSON.framework; sourceTree = "<group>"; };
		BF53EB4A1E6E8AAB00E31CBF /* Quick.framework */ = {isa = PBXFileReference; lastKnownFileType = wrapper.framework; name = Quick.framework; path = Carthage/Build/iOS/Quick.framework; sourceTree = "<group>"; };
		BF53EB4C1E6E8AAF00E31CBF /* Nimble.framework */ = {isa = PBXFileReference; lastKnownFileType = wrapper.framework; name = Nimble.framework; path = Carthage/Build/iOS/Nimble.framework; sourceTree = "<group>"; };
		BF53EB501E6E8DD500E31CBF /* device.json */ = {isa = PBXFileReference; fileEncoding = 4; lastKnownFileType = text.json; path = device.json; sourceTree = "<group>"; };
		BF53EB521E6E907100E31CBF /* DeviceMockAPI.swift */ = {isa = PBXFileReference; fileEncoding = 4; lastKnownFileType = sourcecode.swift; path = DeviceMockAPI.swift; sourceTree = "<group>"; };
		BF53EB621E6EC18900E31CBF /* SwiftyJSON.framework.dSYM */ = {isa = PBXFileReference; lastKnownFileType = wrapper.dsym; name = SwiftyJSON.framework.dSYM; path = Carthage/Build/iOS/SwiftyJSON.framework.dSYM; sourceTree = "<group>"; };
		BF53EB641E6EC19200E31CBF /* Quick.framework.dSYM */ = {isa = PBXFileReference; lastKnownFileType = wrapper.dsym; name = Quick.framework.dSYM; path = Carthage/Build/iOS/Quick.framework.dSYM; sourceTree = "<group>"; };
		BF53EB661E6EC19B00E31CBF /* Nimble.framework.dSYM */ = {isa = PBXFileReference; lastKnownFileType = wrapper.dsym; name = Nimble.framework.dSYM; path = Carthage/Build/iOS/Nimble.framework.dSYM; sourceTree = "<group>"; };
		BF6853231E680F210020271D /* GKGradientView.swift */ = {isa = PBXFileReference; fileEncoding = 4; lastKnownFileType = sourcecode.swift; path = GKGradientView.swift; sourceTree = "<group>"; };
		BF6853311E698F5F0020271D /* BaseRequest.swift */ = {isa = PBXFileReference; fileEncoding = 4; lastKnownFileType = sourcecode.swift; path = BaseRequest.swift; sourceTree = "<group>"; };
		BF6853331E698F700020271D /* BaseResponse.swift */ = {isa = PBXFileReference; fileEncoding = 4; lastKnownFileType = sourcecode.swift; path = BaseResponse.swift; sourceTree = "<group>"; };
/* End PBXFileReference section */

/* Begin PBXFrameworksBuildPhase section */
		632EE0A61E50880D00710EDF /* Frameworks */ = {
			isa = PBXFrameworksBuildPhase;
			buildActionMask = 2147483647;
			files = (
				639FA1A81E5249FD00BA1DC9 /* Alamofire.framework in Frameworks */,
				BF53EB461E6D4A9D00E31CBF /* SwiftyJSON.framework in Frameworks */,
				BF53EB601E6EBD0D00E31CBF /* Quick.framework in Frameworks */,
				BF53EB611E6EBD1500E31CBF /* Nimble.framework in Frameworks */,
			);
			runOnlyForDeploymentPostprocessing = 0;
		};
		632EE0B01E50880D00710EDF /* Frameworks */ = {
			isa = PBXFrameworksBuildPhase;
			buildActionMask = 2147483647;
			files = (
				632EE0B41E50880D00710EDF /* CoreLib.framework in Frameworks */,
				BF53EB471E6D6E8F00E31CBF /* SwiftyJSON.framework in Frameworks */,
				BF53EB4B1E6E8AAB00E31CBF /* Quick.framework in Frameworks */,
				BF53EB4D1E6E8AAF00E31CBF /* Nimble.framework in Frameworks */,
			);
			runOnlyForDeploymentPostprocessing = 0;
		};
/* End PBXFrameworksBuildPhase section */

/* Begin PBXGroup section */
		632EE0A01E50880D00710EDF = {
			isa = PBXGroup;
			children = (
				BF53EB661E6EC19B00E31CBF /* Nimble.framework.dSYM */,
				BF53EB641E6EC19200E31CBF /* Quick.framework.dSYM */,
				BF53EB621E6EC18900E31CBF /* SwiftyJSON.framework.dSYM */,
				639FA1B91E531DF300BA1DC9 /* Alamofire.framework.dSYM */,
				632EE15A1E50AC0B00710EDF /* Frameworks */,
				632EE0AC1E50880D00710EDF /* CoreLib */,
				632EE0B71E50880D00710EDF /* CoreLibTests */,
				632EE0AB1E50880D00710EDF /* Products */,
			);
			sourceTree = "<group>";
		};
		632EE0AB1E50880D00710EDF /* Products */ = {
			isa = PBXGroup;
			children = (
				632EE0AA1E50880D00710EDF /* CoreLib.framework */,
				632EE0B31E50880D00710EDF /* CoreLibTests.xctest */,
			);
			name = Products;
			sourceTree = "<group>";
		};
		632EE0AC1E50880D00710EDF /* CoreLib */ = {
			isa = PBXGroup;
			children = (
				63D5DCD21E5A36A100EFA823 /* resources */,
				632EE14E1E50A8C500710EDF /* src */,
				632EE0AD1E50880D00710EDF /* CoreLib.h */,
				632EE0AE1E50880D00710EDF /* Info.plist */,
				632EE14F1E50A98300710EDF /* CoreLib.swift */,
			);
			path = CoreLib;
			sourceTree = "<group>";
		};
		632EE0B71E50880D00710EDF /* CoreLibTests */ = {
			isa = PBXGroup;
			children = (
				632EE0B81E50880D00710EDF /* CoreLibTests.swift */,
				632EE0BA1E50880D00710EDF /* Info.plist */,
			);
			path = CoreLibTests;
			sourceTree = "<group>";
		};
		632EE14E1E50A8C500710EDF /* src */ = {
			isa = PBXGroup;
			children = (
				63D5DCEB1E5CDCAB00EFA823 /* Config */,
				63D5DCCF1E5A30F800EFA823 /* Errors */,
				63D5DCD61E5A3D6600EFA823 /* Mocks */,
				632EE1861E50E88800710EDF /* Models */,
				632EE1891E50E97D00710EDF /* Services */,
				63D5DCDA1E5B19B600EFA823 /* Utils */,
				BF6853211E680F0D0020271D /* Widgets */,
			);
			path = src;
			sourceTree = "<group>";
		};
		632EE15A1E50AC0B00710EDF /* Frameworks */ = {
			isa = PBXGroup;
			children = (
				BF53EB4C1E6E8AAF00E31CBF /* Nimble.framework */,
				BF53EB4A1E6E8AAB00E31CBF /* Quick.framework */,
				BF53EB451E6D4A9D00E31CBF /* SwiftyJSON.framework */,
				639FA1A71E5249FD00BA1DC9 /* Alamofire.framework */,
			);
			name = Frameworks;
			sourceTree = "<group>";
		};
		632EE1861E50E88800710EDF /* Models */ = {
			isa = PBXGroup;
			children = (
				BF68532F1E698F430020271D /* request */,
				BF6853301E698F430020271D /* response */,
				63D5DCE51E5C1D8E00EFA823 /* Model.swift */,
				63D5DCCD1E5A183500EFA823 /* Device.swift */,
				632EE1871E50E88800710EDF /* User.swift */,
			);
			path = Models;
			sourceTree = "<group>";
		};
		632EE1891E50E97D00710EDF /* Services */ = {
			isa = PBXGroup;
			children = (
				632EE18A1E50E99500710EDF /* AlamofireServices.swift */,
			);
			path = Services;
			sourceTree = "<group>";
		};
		63D5DCCF1E5A30F800EFA823 /* Errors */ = {
			isa = PBXGroup;
			children = (
				63D5DCD01E5A312B00EFA823 /* SerializationError.swift */,
			);
			path = Errors;
			sourceTree = "<group>";
		};
		63D5DCD21E5A36A100EFA823 /* resources */ = {
			isa = PBXGroup;
			children = (
				63D5DCD31E5A36A100EFA823 /* Mocks */,
			);
			path = resources;
			sourceTree = "<group>";
		};
		63D5DCD31E5A36A100EFA823 /* Mocks */ = {
			isa = PBXGroup;
			children = (
				63D5DCE71E5C737E00EFA823 /* users.json */,
				63D5DCD41E5A36FF00EFA823 /* user.json */,
				BF53EB501E6E8DD500E31CBF /* device.json */,
			);
			path = Mocks;
			sourceTree = "<group>";
		};
		63D5DCD61E5A3D6600EFA823 /* Mocks */ = {
			isa = PBXGroup;
			children = (
				63D5DCD71E5A3D7700EFA823 /* Models */,
			);
			path = Mocks;
			sourceTree = "<group>";
		};
		63D5DCD71E5A3D7700EFA823 /* Models */ = {
			isa = PBXGroup;
			children = (
				63D5DCE31E5C14F400EFA823 /* MockAPI.swift */,
				63D5DCDF1E5C14A500EFA823 /* ModelAPI.swift */,
				63D5DCDD1E5C142400EFA823 /* UserMockAPI.swift */,
				BF53EB521E6E907100E31CBF /* DeviceMockAPI.swift */,
			);
			path = Models;
			sourceTree = "<group>";
		};
		63D5DCDA1E5B19B600EFA823 /* Utils */ = {
			isa = PBXGroup;
			children = (
				63D5DCDB1E5B19EF00EFA823 /* Utils.swift */,
			);
			path = Utils;
			sourceTree = "<group>";
		};
		63D5DCEB1E5CDCAB00EFA823 /* Config */ = {
			isa = PBXGroup;
			children = (
				63D5DCEE1E5CDD0B00EFA823 /* Keyword.swift */,
				63D5DCFC1E5EB82200EFA823 /* Localizable.strings */,
			);
			path = Config;
			sourceTree = "<group>";
		};
		BF6853211E680F0D0020271D /* Widgets */ = {
			isa = PBXGroup;
			children = (
				BF6853221E680F0D0020271D /* views */,
			);
			path = Widgets;
			sourceTree = "<group>";
		};
		BF6853221E680F0D0020271D /* views */ = {
			isa = PBXGroup;
			children = (
				BF6853231E680F210020271D /* GKGradientView.swift */,
			);
			path = views;
			sourceTree = "<group>";
		};
		BF68532F1E698F430020271D /* request */ = {
			isa = PBXGroup;
			children = (
				BF6853311E698F5F0020271D /* BaseRequest.swift */,
			);
			path = request;
			sourceTree = "<group>";
		};
		BF6853301E698F430020271D /* response */ = {
			isa = PBXGroup;
			children = (
				BF6853331E698F700020271D /* BaseResponse.swift */,
			);
			path = response;
			sourceTree = "<group>";
		};
/* End PBXGroup section */

/* Begin PBXHeadersBuildPhase section */
		632EE0A71E50880D00710EDF /* Headers */ = {
			isa = PBXHeadersBuildPhase;
			buildActionMask = 2147483647;
			files = (
				632EE0BB1E50880D00710EDF /* CoreLib.h in Headers */,
			);
			runOnlyForDeploymentPostprocessing = 0;
		};
/* End PBXHeadersBuildPhase section */

/* Begin PBXNativeTarget section */
		632EE0A91E50880D00710EDF /* CoreLib */ = {
			isa = PBXNativeTarget;
			buildConfigurationList = 632EE0BE1E50880D00710EDF /* Build configuration list for PBXNativeTarget "CoreLib" */;
			buildPhases = (
				632EE0A51E50880D00710EDF /* Sources */,
				632EE0A61E50880D00710EDF /* Frameworks */,
				632EE0A71E50880D00710EDF /* Headers */,
				632EE0A81E50880D00710EDF /* Resources */,
				632EE14C1E50A86300710EDF /* ShellScript */,
				632EE1511E50AA8000710EDF /* Copy Files dSYM Debug Symbols */,
			);
			buildRules = (
			);
			dependencies = (
			);
			name = CoreLib;
			productName = CoreLib;
			productReference = 632EE0AA1E50880D00710EDF /* CoreLib.framework */;
			productType = "com.apple.product-type.framework";
		};
		632EE0B21E50880D00710EDF /* CoreLibTests */ = {
			isa = PBXNativeTarget;
			buildConfigurationList = 632EE0C11E50880D00710EDF /* Build configuration list for PBXNativeTarget "CoreLibTests" */;
			buildPhases = (
				632EE0AF1E50880D00710EDF /* Sources */,
				632EE0B01E50880D00710EDF /* Frameworks */,
				632EE0B11E50880D00710EDF /* Resources */,
				BF53EB481E6D6EC000E31CBF /* ShellScript */,
				BF53EB491E6E822C00E31CBF /* CopyFiles */,
			);
			buildRules = (
			);
			dependencies = (
				632EE0B61E50880D00710EDF /* PBXTargetDependency */,
			);
			name = CoreLibTests;
			productName = CoreLibTests;
			productReference = 632EE0B31E50880D00710EDF /* CoreLibTests.xctest */;
			productType = "com.apple.product-type.bundle.unit-test";
		};
/* End PBXNativeTarget section */

/* Begin PBXProject section */
		632EE0A11E50880D00710EDF /* Project object */ = {
			isa = PBXProject;
			attributes = {
				LastSwiftUpdateCheck = 0820;
				LastUpgradeCheck = 0820;
				ORGANIZATIONNAME = "Jonathan Unsworth";
				TargetAttributes = {
					632EE0A91E50880D00710EDF = {
						CreatedOnToolsVersion = 8.2;
						DevelopmentTeam = U7HFT6QF4H;
						LastSwiftMigration = 0820;
						ProvisioningStyle = Automatic;
					};
					632EE0B21E50880D00710EDF = {
						CreatedOnToolsVersion = 8.2;
						DevelopmentTeam = U7HFT6QF4H;
						ProvisioningStyle = Automatic;
					};
				};
			};
			buildConfigurationList = 632EE0A41E50880D00710EDF /* Build configuration list for PBXProject "CoreLib" */;
			compatibilityVersion = "Xcode 3.2";
			developmentRegion = English;
			hasScannedForEncodings = 0;
			knownRegions = (
				en,
			);
			mainGroup = 632EE0A01E50880D00710EDF;
			productRefGroup = 632EE0AB1E50880D00710EDF /* Products */;
			projectDirPath = "";
			projectRoot = "";
			targets = (
				632EE0A91E50880D00710EDF /* CoreLib */,
				632EE0B21E50880D00710EDF /* CoreLibTests */,
			);
		};
/* End PBXProject section */

/* Begin PBXResourcesBuildPhase section */
		632EE0A81E50880D00710EDF /* Resources */ = {
			isa = PBXResourcesBuildPhase;
			buildActionMask = 2147483647;
			files = (
				63D5DCE81E5C737E00EFA823 /* users.json in Resources */,
				63D5DCFD1E5EB82200EFA823 /* Localizable.strings in Resources */,
				63D5DCD51E5A36FF00EFA823 /* user.json in Resources */,
				BF53EB511E6E8DD500E31CBF /* device.json in Resources */,
			);
			runOnlyForDeploymentPostprocessing = 0;
		};
		632EE0B11E50880D00710EDF /* Resources */ = {
			isa = PBXResourcesBuildPhase;
			buildActionMask = 2147483647;
			files = (
				BF6853251E682DF00020271D /* users.json in Resources */,
				BF6853261E682DF00020271D /* user.json in Resources */,
				BF6853201E680E8E0020271D /* Localizable.strings in Resources */,
			);
			runOnlyForDeploymentPostprocessing = 0;
		};
/* End PBXResourcesBuildPhase section */

/* Begin PBXShellScriptBuildPhase section */
		632EE14C1E50A86300710EDF /* ShellScript */ = {
			isa = PBXShellScriptBuildPhase;
			buildActionMask = 2147483647;
			files = (
			);
			inputPaths = (
				"$(SRCROOT)/Carthage/Build/iOS/Alamofire.framework",
				"$(SRCROOT)/Carthage/Build/iOS/SwiftyJSON.framework",
				"$(SRCROOT)/Carthage/Build/iOS/Quick.framework",
				"$(SRCROOT)/Carthage/Build/iOS/Nimble.framework",
			);
			outputPaths = (
			);
			runOnlyForDeploymentPostprocessing = 0;
			shellPath = /bin/sh;
			shellScript = "/usr/local/bin/carthage copy-frameworks";
		};
		BF53EB481E6D6EC000E31CBF /* ShellScript */ = {
			isa = PBXShellScriptBuildPhase;
			buildActionMask = 2147483647;
			files = (
			);
			inputPaths = (
				"$(SRCROOT)/Carthage/Build/iOS/SwiftyJSON.framework",
				"$(SRCROOT)/Carthage/Build/iOS/Quick.framework",
				"$(SRCROOT)/Carthage/Build/iOS/Nimble.framework",
			);
			outputPaths = (
			);
			runOnlyForDeploymentPostprocessing = 0;
			shellPath = /bin/sh;
			shellScript = "/usr/local/bin/carthage copy-frameworks";
		};
/* End PBXShellScriptBuildPhase section */

/* Begin PBXSourcesBuildPhase section */
		632EE0A51E50880D00710EDF /* Sources */ = {
			isa = PBXSourcesBuildPhase;
			buildActionMask = 2147483647;
			files = (
				63D5DCEF1E5CDD0B00EFA823 /* Keyword.swift in Sources */,
				63D5DCD11E5A312B00EFA823 /* SerializationError.swift in Sources */,
				BF6853241E680F210020271D /* GKGradientView.swift in Sources */,
				632EE18B1E50E99500710EDF /* AlamofireServices.swift in Sources */,
				632EE1881E50E88800710EDF /* User.swift in Sources */,
				63D5DCDC1E5B19EF00EFA823 /* Utils.swift in Sources */,
				63D5DCE41E5C14F400EFA823 /* MockAPI.swift in Sources */,
				BF53EB531E6E907100E31CBF /* DeviceMockAPI.swift in Sources */,
				63D5DCE61E5C1D8E00EFA823 /* Model.swift in Sources */,
				63D5DCE01E5C14A500EFA823 /* ModelAPI.swift in Sources */,
				63D5DCDE1E5C142400EFA823 /* UserMockAPI.swift in Sources */,
				632EE1501E50A98300710EDF /* CoreLib.swift in Sources */,
				BF6853341E698F700020271D /* BaseResponse.swift in Sources */,
				BF6853321E698F5F0020271D /* BaseRequest.swift in Sources */,
				63D5DCCE1E5A183500EFA823 /* Device.swift in Sources */,
			);
			runOnlyForDeploymentPostprocessing = 0;
		};
		632EE0AF1E50880D00710EDF /* Sources */ = {
			isa = PBXSourcesBuildPhase;
			buildActionMask = 2147483647;
			files = (
				632EE0B91E50880D00710EDF /* CoreLibTests.swift in Sources */,
			);
			runOnlyForDeploymentPostprocessing = 0;
		};
/* End PBXSourcesBuildPhase section */

/* Begin PBXTargetDependency section */
		632EE0B61E50880D00710EDF /* PBXTargetDependency */ = {
			isa = PBXTargetDependency;
			target = 632EE0A91E50880D00710EDF /* CoreLib */;
			targetProxy = 632EE0B51E50880D00710EDF /* PBXContainerItemProxy */;
		};
/* End PBXTargetDependency section */

/* Begin XCBuildConfiguration section */
		632EE0BC1E50880D00710EDF /* Debug */ = {
			isa = XCBuildConfiguration;
			buildSettings = {
				ALWAYS_SEARCH_USER_PATHS = NO;
				CLANG_ANALYZER_NONNULL = YES;
				CLANG_CXX_LANGUAGE_STANDARD = "gnu++0x";
				CLANG_CXX_LIBRARY = "libc++";
				CLANG_ENABLE_MODULES = YES;
				CLANG_ENABLE_OBJC_ARC = YES;
				CLANG_WARN_BOOL_CONVERSION = YES;
				CLANG_WARN_CONSTANT_CONVERSION = YES;
				CLANG_WARN_DIRECT_OBJC_ISA_USAGE = YES_ERROR;
				CLANG_WARN_DOCUMENTATION_COMMENTS = YES;
				CLANG_WARN_EMPTY_BODY = YES;
				CLANG_WARN_ENUM_CONVERSION = YES;
				CLANG_WARN_INFINITE_RECURSION = YES;
				CLANG_WARN_INT_CONVERSION = YES;
				CLANG_WARN_OBJC_ROOT_CLASS = YES_ERROR;
				CLANG_WARN_SUSPICIOUS_MOVE = YES;
				CLANG_WARN_UNREACHABLE_CODE = YES;
				CLANG_WARN__DUPLICATE_METHOD_MATCH = YES;
				"CODE_SIGN_IDENTITY[sdk=iphoneos*]" = "iPhone Developer";
				COPY_PHASE_STRIP = NO;
				CURRENT_PROJECT_VERSION = 1;
				DEBUG_INFORMATION_FORMAT = dwarf;
				ENABLE_STRICT_OBJC_MSGSEND = YES;
				ENABLE_TESTABILITY = YES;
				GCC_C_LANGUAGE_STANDARD = gnu99;
				GCC_DYNAMIC_NO_PIC = NO;
				GCC_NO_COMMON_BLOCKS = YES;
				GCC_OPTIMIZATION_LEVEL = 0;
				GCC_PREPROCESSOR_DEFINITIONS = (
					"DEBUG=1",
					"$(inherited)",
				);
				GCC_WARN_64_TO_32_BIT_CONVERSION = YES;
				GCC_WARN_ABOUT_RETURN_TYPE = YES_ERROR;
				GCC_WARN_UNDECLARED_SELECTOR = YES;
				GCC_WARN_UNINITIALIZED_AUTOS = YES_AGGRESSIVE;
				GCC_WARN_UNUSED_FUNCTION = YES;
				GCC_WARN_UNUSED_VARIABLE = YES;
				IPHONEOS_DEPLOYMENT_TARGET = 10.2;
				MTL_ENABLE_DEBUG_INFO = YES;
				ONLY_ACTIVE_ARCH = YES;
				SDKROOT = iphoneos;
				SWIFT_ACTIVE_COMPILATION_CONDITIONS = DEBUG;
				SWIFT_OPTIMIZATION_LEVEL = "-Onone";
				TARGETED_DEVICE_FAMILY = "1,2";
				VERSIONING_SYSTEM = "apple-generic";
				VERSION_INFO_PREFIX = "";
			};
			name = Debug;
		};
		632EE0BD1E50880D00710EDF /* Release */ = {
			isa = XCBuildConfiguration;
			buildSettings = {
				ALWAYS_SEARCH_USER_PATHS = NO;
				CLANG_ANALYZER_NONNULL = YES;
				CLANG_CXX_LANGUAGE_STANDARD = "gnu++0x";
				CLANG_CXX_LIBRARY = "libc++";
				CLANG_ENABLE_MODULES = YES;
				CLANG_ENABLE_OBJC_ARC = YES;
				CLANG_WARN_BOOL_CONVERSION = YES;
				CLANG_WARN_CONSTANT_CONVERSION = YES;
				CLANG_WARN_DIRECT_OBJC_ISA_USAGE = YES_ERROR;
				CLANG_WARN_DOCUMENTATION_COMMENTS = YES;
				CLANG_WARN_EMPTY_BODY = YES;
				CLANG_WARN_ENUM_CONVERSION = YES;
				CLANG_WARN_INFINITE_RECURSION = YES;
				CLANG_WARN_INT_CONVERSION = YES;
				CLANG_WARN_OBJC_ROOT_CLASS = YES_ERROR;
				CLANG_WARN_SUSPICIOUS_MOVE = YES;
				CLANG_WARN_UNREACHABLE_CODE = YES;
				CLANG_WARN__DUPLICATE_METHOD_MATCH = YES;
				"CODE_SIGN_IDENTITY[sdk=iphoneos*]" = "iPhone Developer";
				COPY_PHASE_STRIP = NO;
				CURRENT_PROJECT_VERSION = 1;
				DEBUG_INFORMATION_FORMAT = "dwarf-with-dsym";
				ENABLE_NS_ASSERTIONS = NO;
				ENABLE_STRICT_OBJC_MSGSEND = YES;
				GCC_C_LANGUAGE_STANDARD = gnu99;
				GCC_NO_COMMON_BLOCKS = YES;
				GCC_WARN_64_TO_32_BIT_CONVERSION = YES;
				GCC_WARN_ABOUT_RETURN_TYPE = YES_ERROR;
				GCC_WARN_UNDECLARED_SELECTOR = YES;
				GCC_WARN_UNINITIALIZED_AUTOS = YES_AGGRESSIVE;
				GCC_WARN_UNUSED_FUNCTION = YES;
				GCC_WARN_UNUSED_VARIABLE = YES;
				IPHONEOS_DEPLOYMENT_TARGET = 10.2;
				MTL_ENABLE_DEBUG_INFO = NO;
				SDKROOT = iphoneos;
				SWIFT_OPTIMIZATION_LEVEL = "-Owholemodule";
				TARGETED_DEVICE_FAMILY = "1,2";
				VALIDATE_PRODUCT = YES;
				VERSIONING_SYSTEM = "apple-generic";
				VERSION_INFO_PREFIX = "";
			};
			name = Release;
		};
		632EE0BF1E50880D00710EDF /* Debug */ = {
			isa = XCBuildConfiguration;
			buildSettings = {
				CLANG_ENABLE_MODULES = YES;
				CODE_SIGN_IDENTITY = "";
				"CODE_SIGN_IDENTITY[sdk=iphoneos*]" = "iPhone Developer";
				DEFINES_MODULE = YES;
				DEVELOPMENT_TEAM = U7HFT6QF4H;
				DYLIB_COMPATIBILITY_VERSION = 1;
				DYLIB_CURRENT_VERSION = 1;
				DYLIB_INSTALL_NAME_BASE = "@rpath";
				ENABLE_BITCODE = NO;
				FRAMEWORK_SEARCH_PATHS = (
					"$(inherited)",
					"$(PROJECT_DIR)/Carthage/Build/iOS",
				);
				INFOPLIST_FILE = CoreLib/Info.plist;
				INSTALL_PATH = "$(LOCAL_LIBRARY_DIR)/Frameworks";
				IPHONEOS_DEPLOYMENT_TARGET = 10.2;
				LD_RUNPATH_SEARCH_PATHS = "$(inherited) @executable_path/Frameworks @loader_path/Frameworks";
				PRODUCT_BUNDLE_IDENTIFIER = com.gk.lib.CoreLib;
				PRODUCT_NAME = "$(TARGET_NAME)";
				SKIP_INSTALL = YES;
				SWIFT_OPTIMIZATION_LEVEL = "-Onone";
				SWIFT_VERSION = 3.0;
			};
			name = Debug;
		};
		632EE0C01E50880D00710EDF /* Release */ = {
			isa = XCBuildConfiguration;
			buildSettings = {
				CLANG_ENABLE_MODULES = YES;
				CODE_SIGN_IDENTITY = "";
				DEFINES_MODULE = YES;
				DEVELOPMENT_TEAM = U7HFT6QF4H;
				DYLIB_COMPATIBILITY_VERSION = 1;
				DYLIB_CURRENT_VERSION = 1;
				DYLIB_INSTALL_NAME_BASE = "@rpath";
				ENABLE_BITCODE = NO;
				FRAMEWORK_SEARCH_PATHS = (
					"$(inherited)",
					"$(PROJECT_DIR)/Carthage/Build/iOS",
				);
				INFOPLIST_FILE = CoreLib/Info.plist;
				INSTALL_PATH = "$(LOCAL_LIBRARY_DIR)/Frameworks";
				IPHONEOS_DEPLOYMENT_TARGET = 10.2;
				LD_RUNPATH_SEARCH_PATHS = "$(inherited) @executable_path/Frameworks @loader_path/Frameworks";
				PRODUCT_BUNDLE_IDENTIFIER = com.gk.lib.CoreLib;
				PRODUCT_NAME = "$(TARGET_NAME)";
				SKIP_INSTALL = YES;
				SWIFT_VERSION = 3.0;
			};
			name = Release;
		};
		632EE0C21E50880D00710EDF /* Debug */ = {
			isa = XCBuildConfiguration;
			buildSettings = {
				ALWAYS_EMBED_SWIFT_STANDARD_LIBRARIES = YES;
				DEVELOPMENT_TEAM = U7HFT6QF4H;
				FRAMEWORK_SEARCH_PATHS = (
					"$(inherited)",
					"$(PROJECT_DIR)/Carthage/Build/iOS",
				);
				INFOPLIST_FILE = CoreLibTests/Info.plist;
				LD_RUNPATH_SEARCH_PATHS = "$(inherited) @executable_path/Frameworks @loader_path/Frameworks";
				PRODUCT_BUNDLE_IDENTIFIER = bubbleworks.CoreLibTests;
				PRODUCT_NAME = "$(TARGET_NAME)";
				SWIFT_VERSION = 3.0;
			};
			name = Debug;
		};
		632EE0C31E50880D00710EDF /* Release */ = {
			isa = XCBuildConfiguration;
			buildSettings = {
				ALWAYS_EMBED_SWIFT_STANDARD_LIBRARIES = YES;
				DEVELOPMENT_TEAM = U7HFT6QF4H;
				FRAMEWORK_SEARCH_PATHS = (
					"$(inherited)",
					"$(PROJECT_DIR)/Carthage/Build/iOS",
				);
				INFOPLIST_FILE = CoreLibTests/Info.plist;
				LD_RUNPATH_SEARCH_PATHS = "$(inherited) @executable_path/Frameworks @loader_path/Frameworks";
				PRODUCT_BUNDLE_IDENTIFIER = bubbleworks.CoreLibTests;
				PRODUCT_NAME = "$(TARGET_NAME)";
				SWIFT_VERSION = 3.0;
			};
			name = Release;
		};
/* End XCBuildConfiguration section */

/* Begin XCConfigurationList section */
		632EE0A41E50880D00710EDF /* Build configuration list for PBXProject "CoreLib" */ = {
			isa = XCConfigurationList;
			buildConfigurations = (
				632EE0BC1E50880D00710EDF /* Debug */,
				632EE0BD1E50880D00710EDF /* Release */,
			);
			defaultConfigurationIsVisible = 0;
			defaultConfigurationName = Release;
		};
		632EE0BE1E50880D00710EDF /* Build configuration list for PBXNativeTarget "CoreLib" */ = {
			isa = XCConfigurationList;
			buildConfigurations = (
				632EE0BF1E50880D00710EDF /* Debug */,
				632EE0C01E50880D00710EDF /* Release */,
			);
			defaultConfigurationIsVisible = 0;
			defaultConfigurationName = Release;
		};
		632EE0C11E50880D00710EDF /* Build configuration list for PBXNativeTarget "CoreLibTests" */ = {
			isa = XCConfigurationList;
			buildConfigurations = (
				632EE0C21E50880D00710EDF /* Debug */,
				632EE0C31E50880D00710EDF /* Release */,
			);
			defaultConfigurationIsVisible = 0;
			defaultConfigurationName = Release;
		};
/* End XCConfigurationList section */
	};
	rootObject = 632EE0A11E50880D00710EDF /* Project object */;
}
